
Microsoft Visual Studio Solution File, Format Version 12.00
# Visual Studio Version 17
VisualStudioVersion = 17.7.34221.43
MinimumVisualStudioVersion = 10.0.40219.1
Project("{2150E333-8FDC-42A3-9474-1A3956D46DE8}") = "Src", "Src", "{72D331DF-3754-4F32-8571-3742D286FD0A}"
EndProject
Project("{2150E333-8FDC-42A3-9474-1A3956D46DE8}") = "Tests", "Tests", "{083AE492-8AFB-4799-ABC4-E9C104B61343}"
EndProject
Project("{2150E333-8FDC-42A3-9474-1A3956D46DE8}") = "External", "External", "{39B00278-DB74-4B28-BE32-B14E4BB5E190}"
EndProject
Project("{2150E333-8FDC-42A3-9474-1A3956D46DE8}") = "Core", "Core", "{BB1E9158-AE8F-42EE-B69A-17FB18E5327C}"
EndProject
Project("{9A19103F-16F7-4668-BE54-9A1E7A4F7556}") = "Api", "Src\Api\Api.csproj", "{28ACBA4F-879C-4520-8F1D-5300F1292459}"
EndProject
Project("{9A19103F-16F7-4668-BE54-9A1E7A4F7556}") = "Infra", "Src\External\Infra\Infra.csproj", "{21491D01-0CB3-4AC4-B2FA-9D192619DE0E}"
EndProject
Project("{9A19103F-16F7-4668-BE54-9A1E7A4F7556}") = "Application", "Src\Core\Application\Application.csproj", "{A95B0A81-B9FB-4708-ACDA-3FC15C26E54E}"
EndProject
Project("{9A19103F-16F7-4668-BE54-9A1E7A4F7556}") = "Domain", "Src\Core\Domain\Domain.csproj", "{84C98999-A5D1-481B-A0C4-4B7BA92D9DDA}"
EndProject
Project("{9A19103F-16F7-4668-BE54-9A1E7A4F7556}") = "Ioc", "Src\Core\Ioc\Ioc.csproj", "{1BEFFDB1-BC06-4DB8-B450-7E4A3720E4F7}"
EndProject
Project("{E53339B2-1760-4266-BCC7-CA923CBCF16C}") = "docker-compose", "Docker\docker-compose.dcproj", "{25014793-CEDD-4041-9A8F-86709AE87B69}"
EndProject
Project("{FAE04EC0-301F-11D3-BF4B-00C04F79EFBC}") = "TestProject", "TestProject\TestProject.csproj", "{43D5E828-8DE7-44FD-9F06-AD60F3C8ED11}"
EndProject
Global
	GlobalSection(SolutionConfigurationPlatforms) = preSolution
		Debug|Any CPU = Debug|Any CPU
		Release|Any CPU = Release|Any CPU
	EndGlobalSection
	GlobalSection(ProjectConfigurationPlatforms) = postSolution
		{28ACBA4F-879C-4520-8F1D-5300F1292459}.Debug|Any CPU.ActiveCfg = Debug|Any CPU
		{28ACBA4F-879C-4520-8F1D-5300F1292459}.Debug|Any CPU.Build.0 = Debug|Any CPU
		{28ACBA4F-879C-4520-8F1D-5300F1292459}.Release|Any CPU.ActiveCfg = Release|Any CPU
		{28ACBA4F-879C-4520-8F1D-5300F1292459}.Release|Any CPU.Build.0 = Release|Any CPU
		{21491D01-0CB3-4AC4-B2FA-9D192619DE0E}.Debug|Any CPU.ActiveCfg = Debug|Any CPU
		{21491D01-0CB3-4AC4-B2FA-9D192619DE0E}.Debug|Any CPU.Build.0 = Debug|Any CPU
		{21491D01-0CB3-4AC4-B2FA-9D192619DE0E}.Release|Any CPU.ActiveCfg = Release|Any CPU
		{21491D01-0CB3-4AC4-B2FA-9D192619DE0E}.Release|Any CPU.Build.0 = Release|Any CPU
		{A95B0A81-B9FB-4708-ACDA-3FC15C26E54E}.Debug|Any CPU.ActiveCfg = Debug|Any CPU
		{A95B0A81-B9FB-4708-ACDA-3FC15C26E54E}.Debug|Any CPU.Build.0 = Debug|Any CPU
		{A95B0A81-B9FB-4708-ACDA-3FC15C26E54E}.Release|Any CPU.ActiveCfg = Release|Any CPU
		{A95B0A81-B9FB-4708-ACDA-3FC15C26E54E}.Release|Any CPU.Build.0 = Release|Any CPU
		{84C98999-A5D1-481B-A0C4-4B7BA92D9DDA}.Debug|Any CPU.ActiveCfg = Debug|Any CPU
		{84C98999-A5D1-481B-A0C4-4B7BA92D9DDA}.Debug|Any CPU.Build.0 = Debug|Any CPU
		{84C98999-A5D1-481B-A0C4-4B7BA92D9DDA}.Release|Any CPU.ActiveCfg = Release|Any CPU
		{84C98999-A5D1-481B-A0C4-4B7BA92D9DDA}.Release|Any CPU.Build.0 = Release|Any CPU
		{1BEFFDB1-BC06-4DB8-B450-7E4A3720E4F7}.Debug|Any CPU.ActiveCfg = Debug|Any CPU
		{1BEFFDB1-BC06-4DB8-B450-7E4A3720E4F7}.Debug|Any CPU.Build.0 = Debug|Any CPU
		{1BEFFDB1-BC06-4DB8-B450-7E4A3720E4F7}.Release|Any CPU.ActiveCfg = Release|Any CPU
		{1BEFFDB1-BC06-4DB8-B450-7E4A3720E4F7}.Release|Any CPU.Build.0 = Release|Any CPU
		{25014793-CEDD-4041-9A8F-86709AE87B69}.Debug|Any CPU.ActiveCfg = Debug|Any CPU
		{25014793-CEDD-4041-9A8F-86709AE87B69}.Debug|Any CPU.Build.0 = Debug|Any CPU
		{25014793-CEDD-4041-9A8F-86709AE87B69}.Release|Any CPU.ActiveCfg = Release|Any CPU
		{25014793-CEDD-4041-9A8F-86709AE87B69}.Release|Any CPU.Build.0 = Release|Any CPU
		{43D5E828-8DE7-44FD-9F06-AD60F3C8ED11}.Debug|Any CPU.ActiveCfg = Debug|Any CPU
		{43D5E828-8DE7-44FD-9F06-AD60F3C8ED11}.Debug|Any CPU.Build.0 = Debug|Any CPU
		{43D5E828-8DE7-44FD-9F06-AD60F3C8ED11}.Release|Any CPU.ActiveCfg = Release|Any CPU
		{43D5E828-8DE7-44FD-9F06-AD60F3C8ED11}.Release|Any CPU.Build.0 = Release|Any CPU
	EndGlobalSection
	GlobalSection(SolutionProperties) = preSolution
		HideSolutionNode = FALSE
	EndGlobalSection
	GlobalSection(NestedProjects) = preSolution
		{39B00278-DB74-4B28-BE32-B14E4BB5E190} = {72D331DF-3754-4F32-8571-3742D286FD0A}
		{BB1E9158-AE8F-42EE-B69A-17FB18E5327C} = {72D331DF-3754-4F32-8571-3742D286FD0A}
		{28ACBA4F-879C-4520-8F1D-5300F1292459} = {72D331DF-3754-4F32-8571-3742D286FD0A}
		{21491D01-0CB3-4AC4-B2FA-9D192619DE0E} = {39B00278-DB74-4B28-BE32-B14E4BB5E190}
		{A95B0A81-B9FB-4708-ACDA-3FC15C26E54E} = {BB1E9158-AE8F-42EE-B69A-17FB18E5327C}
		{84C98999-A5D1-481B-A0C4-4B7BA92D9DDA} = {BB1E9158-AE8F-42EE-B69A-17FB18E5327C}
		{1BEFFDB1-BC06-4DB8-B450-7E4A3720E4F7} = {BB1E9158-AE8F-42EE-B69A-17FB18E5327C}
		{43D5E828-8DE7-44FD-9F06-AD60F3C8ED11} = {083AE492-8AFB-4799-ABC4-E9C104B61343}
	EndGlobalSection
	GlobalSection(ExtensibilityGlobals) = postSolution
		SolutionGuid = {16711D8E-BBED-415E-9967-DEF51B89BCD2}
	EndGlobalSection
EndGlobal
